
Microsoft Visual Studio Solution File, Format Version 12.00
# Visual Studio Version 17
VisualStudioVersion = 17.5.002.0
MinimumVisualStudioVersion = 10.0.40219.1
Project("{9A19103F-16F7-4668-BE54-9A1E7A4F7556}") = "Stock With Price Targets Webscraper", "Stock With Price Targets Webscraper.csproj", "{216E8E6C-7D84-4DA9-BC0A-0A69C8C8585B}"
EndProject
Global
	GlobalSection(SolutionConfigurationPlatforms) = preSolution
		Debug|Any CPU = Debug|Any CPU
		Release|Any CPU = Release|Any CPU
	EndGlobalSection
	GlobalSection(ProjectConfigurationPlatforms) = postSolution
		{216E8E6C-7D84-4DA9-BC0A-0A69C8C8585B}.Debug|Any CPU.ActiveCfg = Debug|Any CPU
		{216E8E6C-7D84-4DA9-BC0A-0A69C8C8585B}.Debug|Any CPU.Build.0 = Debug|Any CPU
		{216E8E6C-7D84-4DA9-BC0A-0A69C8C8585B}.Release|Any CPU.ActiveCfg = Release|Any CPU
		{216E8E6C-7D84-4DA9-BC0A-0A69C8C8585B}.Release|Any CPU.Build.0 = Release|Any CPU
	EndGlobalSection
	GlobalSection(SolutionProperties) = preSolution
		HideSolutionNode = FALSE
	EndGlobalSection
	GlobalSection(ExtensibilityGlobals) = postSolution
		SolutionGuid = {E12D9197-45FB-4AF8-9FE4-5592B563A0C4}
	EndGlobalSection
EndGlobal
